
Microsoft Visual Studio Solution File, Format Version 12.00
# Visual Studio 14
VisualStudioVersion = 14.0.25420.1
MinimumVisualStudioVersion = 10.0.40219.1
Project("{FAE04EC0-301F-11D3-BF4B-00C04F79EFBC}") = "XPathTutor", "XPathTutor\XPathTutor.csproj", "{ADDFB721-FCAF-4B0B-94BE-48818D7B0AC2}"
EndProject
Project("{FAE04EC0-301F-11D3-BF4B-00C04F79EFBC}") = "XMLViewer", "XMLViewer\XMLViewer.csproj", "{F4422823-CE71-461A-964E-DA5F1D637D1C}"
EndProject
Global
	GlobalSection(SolutionConfigurationPlatforms) = preSolution
		Debug|Any CPU = Debug|Any CPU
		Release|Any CPU = Release|Any CPU
	EndGlobalSection
	GlobalSection(ProjectConfigurationPlatforms) = postSolution
		{ADDFB721-FCAF-4B0B-94BE-48818D7B0AC2}.Debug|Any CPU.ActiveCfg = Debug|Any CPU
		{ADDFB721-FCAF-4B0B-94BE-48818D7B0AC2}.Debug|Any CPU.Build.0 = Debug|Any CPU
		{ADDFB721-FCAF-4B0B-94BE-48818D7B0AC2}.Release|Any CPU.ActiveCfg = Release|Any CPU
		{ADDFB721-FCAF-4B0B-94BE-48818D7B0AC2}.Release|Any CPU.Build.0 = Release|Any CPU
		{F4422823-CE71-461A-964E-DA5F1D637D1C}.Debug|Any CPU.ActiveCfg = Debug|Any CPU
		{F4422823-CE71-461A-964E-DA5F1D637D1C}.Debug|Any CPU.Build.0 = Debug|Any CPU
		{F4422823-CE71-461A-964E-DA5F1D637D1C}.Release|Any CPU.ActiveCfg = Release|Any CPU
		{F4422823-CE71-461A-964E-DA5F1D637D1C}.Release|Any CPU.Build.0 = Release|Any CPU
	EndGlobalSection
	GlobalSection(SolutionProperties) = preSolution
		HideSolutionNode = FALSE
	EndGlobalSection
EndGlobal
